
Microsoft Visual Studio Solution File, Format Version 12.00
# Visual Studio 15
VisualStudioVersion = 15.0.27703.2026
MinimumVisualStudioVersion = 10.0.40219.1
Project("{FAE04EC0-301F-11D3-BF4B-00C04F79EFBC}") = "XMLParserDaniel", "XMLParserDaniel\XMLParserDaniel.csproj", "{891AF9AA-AA28-4423-BC05-B9F1FD5CAE5B}"
EndProject
Global
	GlobalSection(SolutionConfigurationPlatforms) = preSolution
		Debug|Any CPU = Debug|Any CPU
		Release|Any CPU = Release|Any CPU
	EndGlobalSection
	GlobalSection(ProjectConfigurationPlatforms) = postSolution
		{891AF9AA-AA28-4423-BC05-B9F1FD5CAE5B}.Debug|Any CPU.ActiveCfg = Debug|Any CPU
		{891AF9AA-AA28-4423-BC05-B9F1FD5CAE5B}.Debug|Any CPU.Build.0 = Debug|Any CPU
		{891AF9AA-AA28-4423-BC05-B9F1FD5CAE5B}.Release|Any CPU.ActiveCfg = Release|Any CPU
		{891AF9AA-AA28-4423-BC05-B9F1FD5CAE5B}.Release|Any CPU.Build.0 = Release|Any CPU
	EndGlobalSection
	GlobalSection(SolutionProperties) = preSolution
		HideSolutionNode = FALSE
	EndGlobalSection
	GlobalSection(ExtensibilityGlobals) = postSolution
		SolutionGuid = {9289603A-DA88-408C-ABB6-0AF53963E438}
	EndGlobalSection
EndGlobal
